
Microsoft Visual Studio Solution File, Format Version 12.00
# Visual Studio Version 16
VisualStudioVersion = 16.0.31205.134
MinimumVisualStudioVersion = 10.0.40219.1
Project("{FAE04EC0-301F-11D3-BF4B-00C04F79EFBC}") = "AdsTest", "AdsTest\AdsTest.csproj", "{86BE6F0A-250C-4539-9296-10463BE135F2}"
EndProject
Project("{FAE04EC0-301F-11D3-BF4B-00C04F79EFBC}") = "ViewModel", "ViewModel\ViewModel.csproj", "{EE516F69-7E27-4448-A52B-BC71DB5689C4}"
EndProject
Project("{FAE04EC0-301F-11D3-BF4B-00C04F79EFBC}") = "BusinessProxy", "BusinessProxy\BusinessProxy.csproj", "{CA719C05-05CB-4B66-AFF1-891296558889}"
EndProject
Project("{FAE04EC0-301F-11D3-BF4B-00C04F79EFBC}") = "DTO", "DTO\DTO.csproj", "{83689D5D-F50D-4A31-B032-54AA706E8652}"
EndProject
Project("{FAE04EC0-301F-11D3-BF4B-00C04F79EFBC}") = "Untility", "Untility\Untility.csproj", "{AF1C0BF6-DB6C-473D-BA66-9EE61D918E5A}"
EndProject
Global
	GlobalSection(SolutionConfigurationPlatforms) = preSolution
		Debug|Any CPU = Debug|Any CPU
		Release|Any CPU = Release|Any CPU
	EndGlobalSection
	GlobalSection(ProjectConfigurationPlatforms) = postSolution
		{86BE6F0A-250C-4539-9296-10463BE135F2}.Debug|Any CPU.ActiveCfg = Debug|Any CPU
		{86BE6F0A-250C-4539-9296-10463BE135F2}.Debug|Any CPU.Build.0 = Debug|Any CPU
		{86BE6F0A-250C-4539-9296-10463BE135F2}.Release|Any CPU.ActiveCfg = Release|Any CPU
		{86BE6F0A-250C-4539-9296-10463BE135F2}.Release|Any CPU.Build.0 = Release|Any CPU
		{EE516F69-7E27-4448-A52B-BC71DB5689C4}.Debug|Any CPU.ActiveCfg = Debug|Any CPU
		{EE516F69-7E27-4448-A52B-BC71DB5689C4}.Debug|Any CPU.Build.0 = Debug|Any CPU
		{EE516F69-7E27-4448-A52B-BC71DB5689C4}.Release|Any CPU.ActiveCfg = Release|Any CPU
		{EE516F69-7E27-4448-A52B-BC71DB5689C4}.Release|Any CPU.Build.0 = Release|Any CPU
		{CA719C05-05CB-4B66-AFF1-891296558889}.Debug|Any CPU.ActiveCfg = Debug|Any CPU
		{CA719C05-05CB-4B66-AFF1-891296558889}.Debug|Any CPU.Build.0 = Debug|Any CPU
		{CA719C05-05CB-4B66-AFF1-891296558889}.Release|Any CPU.ActiveCfg = Release|Any CPU
		{CA719C05-05CB-4B66-AFF1-891296558889}.Release|Any CPU.Build.0 = Release|Any CPU
		{83689D5D-F50D-4A31-B032-54AA706E8652}.Debug|Any CPU.ActiveCfg = Debug|Any CPU
		{83689D5D-F50D-4A31-B032-54AA706E8652}.Debug|Any CPU.Build.0 = Debug|Any CPU
		{83689D5D-F50D-4A31-B032-54AA706E8652}.Release|Any CPU.ActiveCfg = Release|Any CPU
		{83689D5D-F50D-4A31-B032-54AA706E8652}.Release|Any CPU.Build.0 = Release|Any CPU
		{AF1C0BF6-DB6C-473D-BA66-9EE61D918E5A}.Debug|Any CPU.ActiveCfg = Debug|Any CPU
		{AF1C0BF6-DB6C-473D-BA66-9EE61D918E5A}.Debug|Any CPU.Build.0 = Debug|Any CPU
		{AF1C0BF6-DB6C-473D-BA66-9EE61D918E5A}.Release|Any CPU.ActiveCfg = Release|Any CPU
		{AF1C0BF6-DB6C-473D-BA66-9EE61D918E5A}.Release|Any CPU.Build.0 = Release|Any CPU
	EndGlobalSection
	GlobalSection(SolutionProperties) = preSolution
		HideSolutionNode = FALSE
	EndGlobalSection
	GlobalSection(ExtensibilityGlobals) = postSolution
		SolutionGuid = {42C3D873-A6F1-4E8C-81D6-36AE18925352}
	EndGlobalSection
EndGlobal
